// !$*UTF8*$!
{
	archiveVersion = 1;
	classes = {
	};
	objectVersion = 46;
	objects = {

/* Begin PBXBuildFile section */
		522696091C83AD5A00EF47A8 /* RatingControl.swift in Sources */ = {isa = PBXBuildFile; fileRef = 522696081C83AD5A00EF47A8 /* RatingControl.swift */; };
		5226960E1C83B61D00EF47A8 /* MapKit.framework in Frameworks */ = {isa = PBXBuildFile; fileRef = 5226960D1C83B61D00EF47A8 /* MapKit.framework */; };
		52432E271C8AE63B003CAB06 /* NewsLectorTableViewController.swift in Sources */ = {isa = PBXBuildFile; fileRef = 52432E261C8AE63B003CAB06 /* NewsLectorTableViewController.swift */; };
		5292C35B1C8ED41100CF7130 /* WindowsAzureMobileServices.framework in Frameworks */ = {isa = PBXBuildFile; fileRef = 5292C35A1C8ED41100CF7130 /* WindowsAzureMobileServices.framework */; };
		52BB29291C8232820025645A /* AppDelegate.swift in Sources */ = {isa = PBXBuildFile; fileRef = 52BB29281C8232820025645A /* AppDelegate.swift */; };
		52BB292B1C8232820025645A /* NewsViewController.swift in Sources */ = {isa = PBXBuildFile; fileRef = 52BB292A1C8232820025645A /* NewsViewController.swift */; };
		52BB292E1C8232820025645A /* Main.storyboard in Resources */ = {isa = PBXBuildFile; fileRef = 52BB292C1C8232820025645A /* Main.storyboard */; };
		52BB29301C8232820025645A /* Assets.xcassets in Resources */ = {isa = PBXBuildFile; fileRef = 52BB292F1C8232820025645A /* Assets.xcassets */; };
		52BB29331C8232820025645A /* LaunchScreen.storyboard in Resources */ = {isa = PBXBuildFile; fileRef = 52BB29311C8232820025645A /* LaunchScreen.storyboard */; };
		52BB293E1C8232820025645A /* ScoopsReaderTests.swift in Sources */ = {isa = PBXBuildFile; fileRef = 52BB293D1C8232820025645A /* ScoopsReaderTests.swift */; };
		52C1A5A01C85093A00EE21FF /* News.swift in Sources */ = {isa = PBXBuildFile; fileRef = 52C1A59F1C85093A00EE21FF /* News.swift */; };
		52C1A5A11C85093A00EE21FF /* News.swift in Sources */ = {isa = PBXBuildFile; fileRef = 52C1A59F1C85093A00EE21FF /* News.swift */; };
		52C1A5AB1C862E8400EE21FF /* AccessViewController.swift in Sources */ = {isa = PBXBuildFile; fileRef = 52C1A5AA1C862E8400EE21FF /* AccessViewController.swift */; };
		52E4C9701C897967006FD2E8 /* NewsLectorTableViewCell.swift in Sources */ = {isa = PBXBuildFile; fileRef = 52E4C96F1C897967006FD2E8 /* NewsLectorTableViewCell.swift */; };
		52E4C9721C8980D7006FD2E8 /* NewsAuthorTableViewController.swift in Sources */ = {isa = PBXBuildFile; fileRef = 52E4C9711C8980D7006FD2E8 /* NewsAuthorTableViewController.swift */; };
		52E4C9741C898F3A006FD2E8 /* NewsAuthorTableViewCell.swift in Sources */ = {isa = PBXBuildFile; fileRef = 52E4C9731C898F3A006FD2E8 /* NewsAuthorTableViewCell.swift */; };
		52FD72941C8D3D37007646D1 /* Azure Storage Client Library.framework in Frameworks */ = {isa = PBXBuildFile; fileRef = 52FD72931C8D3D37007646D1 /* Azure Storage Client Library.framework */; };
		52FD72981C8D3E47007646D1 /* AzFake.m in Sources */ = {isa = PBXBuildFile; fileRef = 52FD72971C8D3E47007646D1 /* AzFake.m */; };
		52FD729A1C8D40B5007646D1 /* libxml2.2.tbd in Frameworks */ = {isa = PBXBuildFile; fileRef = 52FD72991C8D40B5007646D1 /* libxml2.2.tbd */; };
		52FD732B1C8D6500007646D1 /* AsyncButton.swift in Sources */ = {isa = PBXBuildFile; fileRef = 52FD730D1C8D6500007646D1 /* AsyncButton.swift */; };
		52FD732C1C8D6500007646D1 /* AsyncImageView.swift in Sources */ = {isa = PBXBuildFile; fileRef = 52FD730E1C8D6500007646D1 /* AsyncImageView.swift */; };
		52FD732D1C8D6500007646D1 /* AutoTextView.swift in Sources */ = {isa = PBXBuildFile; fileRef = 52FD730F1C8D6500007646D1 /* AutoTextView.swift */; };
		52FD732E1C8D6500007646D1 /* BlurView.swift in Sources */ = {isa = PBXBuildFile; fileRef = 52FD73101C8D6500007646D1 /* BlurView.swift */; };
		52FD732F1C8D6500007646D1 /* DesignableButton.swift in Sources */ = {isa = PBXBuildFile; fileRef = 52FD73111C8D6500007646D1 /* DesignableButton.swift */; };
		52FD73301C8D6500007646D1 /* DesignableImageView.swift in Sources */ = {isa = PBXBuildFile; fileRef = 52FD73121C8D6500007646D1 /* DesignableImageView.swift */; };
		52FD73311C8D6500007646D1 /* DesignableLabel.swift in Sources */ = {isa = PBXBuildFile; fileRef = 52FD73131C8D6500007646D1 /* DesignableLabel.swift */; };
		52FD73321C8D6500007646D1 /* DesignableTabBarController.swift in Sources */ = {isa = PBXBuildFile; fileRef = 52FD73141C8D6500007646D1 /* DesignableTabBarController.swift */; };
		52FD73331C8D6500007646D1 /* DesignableTextField.swift in Sources */ = {isa = PBXBuildFile; fileRef = 52FD73151C8D6500007646D1 /* DesignableTextField.swift */; };
		52FD73341C8D6500007646D1 /* DesignableTextView.swift in Sources */ = {isa = PBXBuildFile; fileRef = 52FD73161C8D6500007646D1 /* DesignableTextView.swift */; };
		52FD73351C8D6500007646D1 /* DesignableView.swift in Sources */ = {isa = PBXBuildFile; fileRef = 52FD73171C8D6500007646D1 /* DesignableView.swift */; };
		52FD73361C8D6500007646D1 /* ImageLoader.swift in Sources */ = {isa = PBXBuildFile; fileRef = 52FD73181C8D6500007646D1 /* ImageLoader.swift */; };
		52FD73371C8D6500007646D1 /* Info.plist in Resources */ = {isa = PBXBuildFile; fileRef = 52FD73191C8D6500007646D1 /* Info.plist */; };
		52FD73381C8D6500007646D1 /* KeyboardLayoutConstraint.swift in Sources */ = {isa = PBXBuildFile; fileRef = 52FD731A1C8D6500007646D1 /* KeyboardLayoutConstraint.swift */; };
		52FD73391C8D6500007646D1 /* LoadingView.swift in Sources */ = {isa = PBXBuildFile; fileRef = 52FD731B1C8D6500007646D1 /* LoadingView.swift */; };
		52FD733A1C8D6500007646D1 /* LoadingView.xib in Resources */ = {isa = PBXBuildFile; fileRef = 52FD731C1C8D6500007646D1 /* LoadingView.xib */; };
		52FD733B1C8D6500007646D1 /* Misc.swift in Sources */ = {isa = PBXBuildFile; fileRef = 52FD731D1C8D6500007646D1 /* Misc.swift */; };
		52FD733C1C8D6500007646D1 /* SoundPlayer.swift in Sources */ = {isa = PBXBuildFile; fileRef = 52FD731E1C8D6500007646D1 /* SoundPlayer.swift */; };
		52FD733D1C8D6500007646D1 /* Spring.swift in Sources */ = {isa = PBXBuildFile; fileRef = 52FD73201C8D6500007646D1 /* Spring.swift */; };
		52FD733E1C8D6500007646D1 /* SpringAnimation.swift in Sources */ = {isa = PBXBuildFile; fileRef = 52FD73211C8D6500007646D1 /* SpringAnimation.swift */; };
		52FD733F1C8D6500007646D1 /* SpringButton.swift in Sources */ = {isa = PBXBuildFile; fileRef = 52FD73221C8D6500007646D1 /* SpringButton.swift */; };
		52FD73401C8D6500007646D1 /* SpringImageView.swift in Sources */ = {isa = PBXBuildFile; fileRef = 52FD73231C8D6500007646D1 /* SpringImageView.swift */; };
		52FD73411C8D6500007646D1 /* SpringLabel.swift in Sources */ = {isa = PBXBuildFile; fileRef = 52FD73241C8D6500007646D1 /* SpringLabel.swift */; };
		52FD73421C8D6500007646D1 /* SpringTextField.swift in Sources */ = {isa = PBXBuildFile; fileRef = 52FD73251C8D6500007646D1 /* SpringTextField.swift */; };
		52FD73431C8D6500007646D1 /* SpringTextView.swift in Sources */ = {isa = PBXBuildFile; fileRef = 52FD73261C8D6500007646D1 /* SpringTextView.swift */; };
		52FD73441C8D6500007646D1 /* SpringView.swift in Sources */ = {isa = PBXBuildFile; fileRef = 52FD73271C8D6500007646D1 /* SpringView.swift */; };
		52FD73451C8D6500007646D1 /* TransitionManager.swift in Sources */ = {isa = PBXBuildFile; fileRef = 52FD73281C8D6500007646D1 /* TransitionManager.swift */; };
		52FD73461C8D6500007646D1 /* TransitionZoom.swift in Sources */ = {isa = PBXBuildFile; fileRef = 52FD73291C8D6500007646D1 /* TransitionZoom.swift */; };
		52FD73471C8D6500007646D1 /* UnwindSegue.swift in Sources */ = {isa = PBXBuildFile; fileRef = 52FD732A1C8D6500007646D1 /* UnwindSegue.swift */; };
/* End PBXBuildFile section */

/* Begin PBXContainerItemProxy section */
		52BB293A1C8232820025645A /* PBXContainerItemProxy */ = {
			isa = PBXContainerItemProxy;
			containerPortal = 52BB291D1C8232820025645A /* Project object */;
			proxyType = 1;
			remoteGlobalIDString = 52BB29241C8232820025645A;
			remoteInfo = ScoopsReader;
		};
/* End PBXContainerItemProxy section */

/* Begin PBXFileReference section */
		522696081C83AD5A00EF47A8 /* RatingControl.swift */ = {isa = PBXFileReference; fileEncoding = 4; lastKnownFileType = sourcecode.swift; path = RatingControl.swift; sourceTree = "<group>"; };
		5226960D1C83B61D00EF47A8 /* MapKit.framework */ = {isa = PBXFileReference; lastKnownFileType = wrapper.framework; name = MapKit.framework; path = System/Library/Frameworks/MapKit.framework; sourceTree = SDKROOT; };
		52432E261C8AE63B003CAB06 /* NewsLectorTableViewController.swift */ = {isa = PBXFileReference; fileEncoding = 4; lastKnownFileType = sourcecode.swift; path = NewsLectorTableViewController.swift; sourceTree = "<group>"; };
		5292C35A1C8ED41100CF7130 /* WindowsAzureMobileServices.framework */ = {isa = PBXFileReference; lastKnownFileType = wrapper.framework; path = WindowsAzureMobileServices.framework; sourceTree = "<group>"; };
		52BB29251C8232820025645A /* ScoopsReader.app */ = {isa = PBXFileReference; explicitFileType = wrapper.application; includeInIndex = 0; path = ScoopsReader.app; sourceTree = BUILT_PRODUCTS_DIR; };
		52BB29281C8232820025645A /* AppDelegate.swift */ = {isa = PBXFileReference; lastKnownFileType = sourcecode.swift; path = AppDelegate.swift; sourceTree = "<group>"; };
		52BB292A1C8232820025645A /* NewsViewController.swift */ = {isa = PBXFileReference; lastKnownFileType = sourcecode.swift; path = NewsViewController.swift; sourceTree = "<group>"; };
		52BB292D1C8232820025645A /* Base */ = {isa = PBXFileReference; lastKnownFileType = file.storyboard; name = Base; path = Base.lproj/Main.storyboard; sourceTree = "<group>"; };
		52BB292F1C8232820025645A /* Assets.xcassets */ = {isa = PBXFileReference; lastKnownFileType = folder.assetcatalog; path = Assets.xcassets; sourceTree = "<group>"; };
		52BB29321C8232820025645A /* Base */ = {isa = PBXFileReference; lastKnownFileType = file.storyboard; name = Base; path = Base.lproj/LaunchScreen.storyboard; sourceTree = "<group>"; };
		52BB29341C8232820025645A /* Info.plist */ = {isa = PBXFileReference; lastKnownFileType = text.plist.xml; path = Info.plist; sourceTree = "<group>"; };
		52BB29391C8232820025645A /* ScoopsReaderTests.xctest */ = {isa = PBXFileReference; explicitFileType = wrapper.cfbundle; includeInIndex = 0; path = ScoopsReaderTests.xctest; sourceTree = BUILT_PRODUCTS_DIR; };
		52BB293D1C8232820025645A /* ScoopsReaderTests.swift */ = {isa = PBXFileReference; lastKnownFileType = sourcecode.swift; path = ScoopsReaderTests.swift; sourceTree = "<group>"; };
		52BB293F1C8232820025645A /* Info.plist */ = {isa = PBXFileReference; lastKnownFileType = text.plist.xml; path = Info.plist; sourceTree = "<group>"; };
		52C1A59F1C85093A00EE21FF /* News.swift */ = {isa = PBXFileReference; fileEncoding = 4; lastKnownFileType = sourcecode.swift; path = News.swift; sourceTree = "<group>"; };
		52C1A5AA1C862E8400EE21FF /* AccessViewController.swift */ = {isa = PBXFileReference; fileEncoding = 4; lastKnownFileType = sourcecode.swift; path = AccessViewController.swift; sourceTree = "<group>"; };
		52E4C96F1C897967006FD2E8 /* NewsLectorTableViewCell.swift */ = {isa = PBXFileReference; fileEncoding = 4; lastKnownFileType = sourcecode.swift; path = NewsLectorTableViewCell.swift; sourceTree = "<group>"; };
		52E4C9711C8980D7006FD2E8 /* NewsAuthorTableViewController.swift */ = {isa = PBXFileReference; fileEncoding = 4; lastKnownFileType = sourcecode.swift; path = NewsAuthorTableViewController.swift; sourceTree = "<group>"; };
		52E4C9731C898F3A006FD2E8 /* NewsAuthorTableViewCell.swift */ = {isa = PBXFileReference; fileEncoding = 4; lastKnownFileType = sourcecode.swift; path = NewsAuthorTableViewCell.swift; sourceTree = "<group>"; };
		52FD72931C8D3D37007646D1 /* Azure Storage Client Library.framework */ = {isa = PBXFileReference; lastKnownFileType = wrapper.framework; path = "Azure Storage Client Library.framework"; sourceTree = "<group>"; };
		52FD72951C8D3E46007646D1 /* ScoopsReader-Bridging-Header.h */ = {isa = PBXFileReference; lastKnownFileType = sourcecode.c.h; path = "ScoopsReader-Bridging-Header.h"; sourceTree = "<group>"; };
		52FD72961C8D3E47007646D1 /* AzFake.h */ = {isa = PBXFileReference; fileEncoding = 4; lastKnownFileType = sourcecode.c.h; path = AzFake.h; sourceTree = "<group>"; };
		52FD72971C8D3E47007646D1 /* AzFake.m */ = {isa = PBXFileReference; fileEncoding = 4; lastKnownFileType = sourcecode.c.objc; path = AzFake.m; sourceTree = "<group>"; };
		52FD72991C8D40B5007646D1 /* libxml2.2.tbd */ = {isa = PBXFileReference; lastKnownFileType = "sourcecode.text-based-dylib-definition"; name = libxml2.2.tbd; path = usr/lib/libxml2.2.tbd; sourceTree = SDKROOT; };
		52FD730D1C8D6500007646D1 /* AsyncButton.swift */ = {isa = PBXFileReference; fileEncoding = 4; lastKnownFileType = sourcecode.swift; path = AsyncButton.swift; sourceTree = "<group>"; };
		52FD730E1C8D6500007646D1 /* AsyncImageView.swift */ = {isa = PBXFileReference; fileEncoding = 4; lastKnownFileType = sourcecode.swift; path = AsyncImageView.swift; sourceTree = "<group>"; };
		52FD730F1C8D6500007646D1 /* AutoTextView.swift */ = {isa = PBXFileReference; fileEncoding = 4; lastKnownFileType = sourcecode.swift; path = AutoTextView.swift; sourceTree = "<group>"; };
		52FD73101C8D6500007646D1 /* BlurView.swift */ = {isa = PBXFileReference; fileEncoding = 4; lastKnownFileType = sourcecode.swift; path = BlurView.swift; sourceTree = "<group>"; };
		52FD73111C8D6500007646D1 /* DesignableButton.swift */ = {isa = PBXFileReference; fileEncoding = 4; lastKnownFileType = sourcecode.swift; path = DesignableButton.swift; sourceTree = "<group>"; };
		52FD73121C8D6500007646D1 /* DesignableImageView.swift */ = {isa = PBXFileReference; fileEncoding = 4; lastKnownFileType = sourcecode.swift; path = DesignableImageView.swift; sourceTree = "<group>"; };
		52FD73131C8D6500007646D1 /* DesignableLabel.swift */ = {isa = PBXFileReference; fileEncoding = 4; lastKnownFileType = sourcecode.swift; path = DesignableLabel.swift; sourceTree = "<group>"; };
		52FD73141C8D6500007646D1 /* DesignableTabBarController.swift */ = {isa = PBXFileReference; fileEncoding = 4; lastKnownFileType = sourcecode.swift; path = DesignableTabBarController.swift; sourceTree = "<group>"; };
		52FD73151C8D6500007646D1 /* DesignableTextField.swift */ = {isa = PBXFileReference; fileEncoding = 4; lastKnownFileType = sourcecode.swift; path = DesignableTextField.swift; sourceTree = "<group>"; };
		52FD73161C8D6500007646D1 /* DesignableTextView.swift */ = {isa = PBXFileReference; fileEncoding = 4; lastKnownFileType = sourcecode.swift; path = DesignableTextView.swift; sourceTree = "<group>"; };
		52FD73171C8D6500007646D1 /* DesignableView.swift */ = {isa = PBXFileReference; fileEncoding = 4; lastKnownFileType = sourcecode.swift; path = DesignableView.swift; sourceTree = "<group>"; };
		52FD73181C8D6500007646D1 /* ImageLoader.swift */ = {isa = PBXFileReference; fileEncoding = 4; lastKnownFileType = sourcecode.swift; path = ImageLoader.swift; sourceTree = "<group>"; };
		52FD73191C8D6500007646D1 /* Info.plist */ = {isa = PBXFileReference; fileEncoding = 4; lastKnownFileType = text.plist.xml; path = Info.plist; sourceTree = "<group>"; };
		52FD731A1C8D6500007646D1 /* KeyboardLayoutConstraint.swift */ = {isa = PBXFileReference; fileEncoding = 4; lastKnownFileType = sourcecode.swift; path = KeyboardLayoutConstraint.swift; sourceTree = "<group>"; };
		52FD731B1C8D6500007646D1 /* LoadingView.swift */ = {isa = PBXFileReference; fileEncoding = 4; lastKnownFileType = sourcecode.swift; path = LoadingView.swift; sourceTree = "<group>"; };
		52FD731C1C8D6500007646D1 /* LoadingView.xib */ = {isa = PBXFileReference; fileEncoding = 4; lastKnownFileType = file.xib; path = LoadingView.xib; sourceTree = "<group>"; };
		52FD731D1C8D6500007646D1 /* Misc.swift */ = {isa = PBXFileReference; fileEncoding = 4; lastKnownFileType = sourcecode.swift; path = Misc.swift; sourceTree = "<group>"; };
		52FD731E1C8D6500007646D1 /* SoundPlayer.swift */ = {isa = PBXFileReference; fileEncoding = 4; lastKnownFileType = sourcecode.swift; path = SoundPlayer.swift; sourceTree = "<group>"; };
		52FD731F1C8D6500007646D1 /* Spring.h */ = {isa = PBXFileReference; fileEncoding = 4; lastKnownFileType = sourcecode.c.h; path = Spring.h; sourceTree = "<group>"; };
		52FD73201C8D6500007646D1 /* Spring.swift */ = {isa = PBXFileReference; fileEncoding = 4; lastKnownFileType = sourcecode.swift; path = Spring.swift; sourceTree = "<group>"; };
		52FD73211C8D6500007646D1 /* SpringAnimation.swift */ = {isa = PBXFileReference; fileEncoding = 4; lastKnownFileType = sourcecode.swift; path = SpringAnimation.swift; sourceTree = "<group>"; };
		52FD73221C8D6500007646D1 /* SpringButton.swift */ = {isa = PBXFileReference; fileEncoding = 4; lastKnownFileType = sourcecode.swift; path = SpringButton.swift; sourceTree = "<group>"; };
		52FD73231C8D6500007646D1 /* SpringImageView.swift */ = {isa = PBXFileReference; fileEncoding = 4; lastKnownFileType = sourcecode.swift; path = SpringImageView.swift; sourceTree = "<group>"; };
		52FD73241C8D6500007646D1 /* SpringLabel.swift */ = {isa = PBXFileReference; fileEncoding = 4; lastKnownFileType = sourcecode.swift; path = SpringLabel.swift; sourceTree = "<group>"; };
		52FD73251C8D6500007646D1 /* SpringTextField.swift */ = {isa = PBXFileReference; fileEncoding = 4; lastKnownFileType = sourcecode.swift; path = SpringTextField.swift; sourceTree = "<group>"; };
		52FD73261C8D6500007646D1 /* SpringTextView.swift */ = {isa = PBXFileReference; fileEncoding = 4; lastKnownFileType = sourcecode.swift; path = SpringTextView.swift; sourceTree = "<group>"; };
		52FD73271C8D6500007646D1 /* SpringView.swift */ = {isa = PBXFileReference; fileEncoding = 4; lastKnownFileType = sourcecode.swift; path = SpringView.swift; sourceTree = "<group>"; };
		52FD73281C8D6500007646D1 /* TransitionManager.swift */ = {isa = PBXFileReference; fileEncoding = 4; lastKnownFileType = sourcecode.swift; path = TransitionManager.swift; sourceTree = "<group>"; };
		52FD73291C8D6500007646D1 /* TransitionZoom.swift */ = {isa = PBXFileReference; fileEncoding = 4; lastKnownFileType = sourcecode.swift; path = TransitionZoom.swift; sourceTree = "<group>"; };
		52FD732A1C8D6500007646D1 /* UnwindSegue.swift */ = {isa = PBXFileReference; fileEncoding = 4; lastKnownFileType = sourcecode.swift; path = UnwindSegue.swift; sourceTree = "<group>"; };
/* End PBXFileReference section */

/* Begin PBXFrameworksBuildPhase section */
		52BB29221C8232820025645A /* Frameworks */ = {
			isa = PBXFrameworksBuildPhase;
			buildActionMask = 2147483647;
			files = (
				52FD729A1C8D40B5007646D1 /* libxml2.2.tbd in Frameworks */,
				5226960E1C83B61D00EF47A8 /* MapKit.framework in Frameworks */,
				5292C35B1C8ED41100CF7130 /* WindowsAzureMobileServices.framework in Frameworks */,
				52FD72941C8D3D37007646D1 /* Azure Storage Client Library.framework in Frameworks */,
			);
			runOnlyForDeploymentPostprocessing = 0;
		};
		52BB29361C8232820025645A /* Frameworks */ = {
			isa = PBXFrameworksBuildPhase;
			buildActionMask = 2147483647;
			files = (
			);
			runOnlyForDeploymentPostprocessing = 0;
		};
/* End PBXFrameworksBuildPhase section */

/* Begin PBXGroup section */
		5226960A1C83B04300EF47A8 /* ViewsControllers */ = {
			isa = PBXGroup;
			children = (
				52BB292A1C8232820025645A /* NewsViewController.swift */,
				52C1A5AA1C862E8400EE21FF /* AccessViewController.swift */,
				52E4C9711C8980D7006FD2E8 /* NewsAuthorTableViewController.swift */,
				52432E261C8AE63B003CAB06 /* NewsLectorTableViewController.swift */,
			);
			name = ViewsControllers;
			sourceTree = "<group>";
		};
		5226960B1C83B06500EF47A8 /* Views */ = {
			isa = PBXGroup;
			children = (
				522696081C83AD5A00EF47A8 /* RatingControl.swift */,
				52E4C9731C898F3A006FD2E8 /* NewsAuthorTableViewCell.swift */,
				52E4C96F1C897967006FD2E8 /* NewsLectorTableViewCell.swift */,
				52FD72971C8D3E47007646D1 /* AzFake.m */,
			);
			name = Views;
			sourceTree = "<group>";
		};
		5226960C1C83B08100EF47A8 /* App */ = {
			isa = PBXGroup;
			children = (
				52BB29281C8232820025645A /* AppDelegate.swift */,
				52FD72961C8D3E47007646D1 /* AzFake.h */,
				52FD72951C8D3E46007646D1 /* ScoopsReader-Bridging-Header.h */,
				52BB292C1C8232820025645A /* Main.storyboard */,
				52BB29311C8232820025645A /* LaunchScreen.storyboard */,
			);
			name = App;
			sourceTree = "<group>";
		};
		5226960F1C83B62400EF47A8 /* Frameworks */ = {
			isa = PBXGroup;
			children = (
				5292C35A1C8ED41100CF7130 /* WindowsAzureMobileServices.framework */,
				52FD72991C8D40B5007646D1 /* libxml2.2.tbd */,
				52FD72931C8D3D37007646D1 /* Azure Storage Client Library.framework */,
				5226960D1C83B61D00EF47A8 /* MapKit.framework */,
			);
			name = Frameworks;
			sourceTree = "<group>";
		};
		52BB291C1C8232820025645A = {
			isa = PBXGroup;
			children = (
				52BB29271C8232820025645A /* ScoopsReader */,
				52BB29261C8232820025645A /* Products */,
				52BB293C1C8232820025645A /* ScoopsReaderTests */,
				52FD730C1C8D6500007646D1 /* Spring */,
				5226960F1C83B62400EF47A8 /* Frameworks */,
			);
			sourceTree = "<group>";
		};
		52BB29261C8232820025645A /* Products */ = {
			isa = PBXGroup;
			children = (
				52BB29251C8232820025645A /* ScoopsReader.app */,
				52BB29391C8232820025645A /* ScoopsReaderTests.xctest */,
			);
			name = Products;
			sourceTree = "<group>";
		};
		52BB29271C8232820025645A /* ScoopsReader */ = {
			isa = PBXGroup;
			children = (
				52C1A59B1C85051A00EE21FF /* Models */,
				5226960A1C83B04300EF47A8 /* ViewsControllers */,
				5226960B1C83B06500EF47A8 /* Views */,
				5226960C1C83B08100EF47A8 /* App */,
				52BB292F1C8232820025645A /* Assets.xcassets */,
				52BB29341C8232820025645A /* Info.plist */,
			);
			path = ScoopsReader;
			sourceTree = "<group>";
		};
		52BB293C1C8232820025645A /* ScoopsReaderTests */ = {
			isa = PBXGroup;
			children = (
				52BB293D1C8232820025645A /* ScoopsReaderTests.swift */,
				52BB293F1C8232820025645A /* Info.plist */,
			);
			path = ScoopsReaderTests;
			sourceTree = "<group>";
		};
		52C1A59B1C85051A00EE21FF /* Models */ = {
			isa = PBXGroup;
			children = (
				52C1A59F1C85093A00EE21FF /* News.swift */,
			);
			name = Models;
			sourceTree = "<group>";
		};
		52FD730C1C8D6500007646D1 /* Spring */ = {
			isa = PBXGroup;
			children = (
				52FD730D1C8D6500007646D1 /* AsyncButton.swift */,
				52FD730E1C8D6500007646D1 /* AsyncImageView.swift */,
				52FD730F1C8D6500007646D1 /* AutoTextView.swift */,
				52FD73101C8D6500007646D1 /* BlurView.swift */,
				52FD73111C8D6500007646D1 /* DesignableButton.swift */,
				52FD73121C8D6500007646D1 /* DesignableImageView.swift */,
				52FD73131C8D6500007646D1 /* DesignableLabel.swift */,
				52FD73141C8D6500007646D1 /* DesignableTabBarController.swift */,
				52FD73151C8D6500007646D1 /* DesignableTextField.swift */,
				52FD73161C8D6500007646D1 /* DesignableTextView.swift */,
				52FD73171C8D6500007646D1 /* DesignableView.swift */,
				52FD73181C8D6500007646D1 /* ImageLoader.swift */,
				52FD73191C8D6500007646D1 /* Info.plist */,
				52FD731A1C8D6500007646D1 /* KeyboardLayoutConstraint.swift */,
				52FD731B1C8D6500007646D1 /* LoadingView.swift */,
				52FD731C1C8D6500007646D1 /* LoadingView.xib */,
				52FD731D1C8D6500007646D1 /* Misc.swift */,
				52FD731E1C8D6500007646D1 /* SoundPlayer.swift */,
				52FD731F1C8D6500007646D1 /* Spring.h */,
				52FD73201C8D6500007646D1 /* Spring.swift */,
				52FD73211C8D6500007646D1 /* SpringAnimation.swift */,
				52FD73221C8D6500007646D1 /* SpringButton.swift */,
				52FD73231C8D6500007646D1 /* SpringImageView.swift */,
				52FD73241C8D6500007646D1 /* SpringLabel.swift */,
				52FD73251C8D6500007646D1 /* SpringTextField.swift */,
				52FD73261C8D6500007646D1 /* SpringTextView.swift */,
				52FD73271C8D6500007646D1 /* SpringView.swift */,
				52FD73281C8D6500007646D1 /* TransitionManager.swift */,
				52FD73291C8D6500007646D1 /* TransitionZoom.swift */,
				52FD732A1C8D6500007646D1 /* UnwindSegue.swift */,
			);
			path = Spring;
			sourceTree = "<group>";
		};
/* End PBXGroup section */

/* Begin PBXNativeTarget section */
		52BB29241C8232820025645A /* ScoopsReader */ = {
			isa = PBXNativeTarget;
			buildConfigurationList = 52BB29421C8232820025645A /* Build configuration list for PBXNativeTarget "ScoopsReader" */;
			buildPhases = (
				52BB29211C8232820025645A /* Sources */,
				52BB29221C8232820025645A /* Frameworks */,
				52BB29231C8232820025645A /* Resources */,
			);
			buildRules = (
			);
			dependencies = (
			);
			name = ScoopsReader;
			productName = ScoopsReader;
			productReference = 52BB29251C8232820025645A /* ScoopsReader.app */;
			productType = "com.apple.product-type.application";
		};
		52BB29381C8232820025645A /* ScoopsReaderTests */ = {
			isa = PBXNativeTarget;
			buildConfigurationList = 52BB29451C8232820025645A /* Build configuration list for PBXNativeTarget "ScoopsReaderTests" */;
			buildPhases = (
				52BB29351C8232820025645A /* Sources */,
				52BB29361C8232820025645A /* Frameworks */,
				52BB29371C8232820025645A /* Resources */,
			);
			buildRules = (
			);
			dependencies = (
				52BB293B1C8232820025645A /* PBXTargetDependency */,
			);
			name = ScoopsReaderTests;
			productName = ScoopsReaderTests;
			productReference = 52BB29391C8232820025645A /* ScoopsReaderTests.xctest */;
			productType = "com.apple.product-type.bundle.unit-test";
		};
/* End PBXNativeTarget section */

/* Begin PBXProject section */
		52BB291D1C8232820025645A /* Project object */ = {
			isa = PBXProject;
			attributes = {
				LastSwiftUpdateCheck = 0720;
				LastUpgradeCheck = 0720;
				ORGANIZATIONNAME = weblogmerlos.com;
				TargetAttributes = {
					52BB29241C8232820025645A = {
						CreatedOnToolsVersion = 7.2.1;
						DevelopmentTeam = Z273P8K3M7;
					};
					52BB29381C8232820025645A = {
						CreatedOnToolsVersion = 7.2.1;
						DevelopmentTeam = Z273P8K3M7;
						TestTargetID = 52BB29241C8232820025645A;
					};
				};
			};
			buildConfigurationList = 52BB29201C8232820025645A /* Build configuration list for PBXProject "ScoopsReader" */;
			compatibilityVersion = "Xcode 3.2";
			developmentRegion = English;
			hasScannedForEncodings = 0;
			knownRegions = (
				en,
				Base,
			);
			mainGroup = 52BB291C1C8232820025645A;
			productRefGroup = 52BB29261C8232820025645A /* Products */;
			projectDirPath = "";
			projectRoot = "";
			targets = (
				52BB29241C8232820025645A /* ScoopsReader */,
				52BB29381C8232820025645A /* ScoopsReaderTests */,
			);
		};
/* End PBXProject section */

/* Begin PBXResourcesBuildPhase section */
		52BB29231C8232820025645A /* Resources */ = {
			isa = PBXResourcesBuildPhase;
			buildActionMask = 2147483647;
			files = (
				52FD73371C8D6500007646D1 /* Info.plist in Resources */,
				52BB29331C8232820025645A /* LaunchScreen.storyboard in Resources */,
				52BB29301C8232820025645A /* Assets.xcassets in Resources */,
				52BB292E1C8232820025645A /* Main.storyboard in Resources */,
				52FD733A1C8D6500007646D1 /* LoadingView.xib in Resources */,
			);
			runOnlyForDeploymentPostprocessing = 0;
		};
		52BB29371C8232820025645A /* Resources */ = {
			isa = PBXResourcesBuildPhase;
			buildActionMask = 2147483647;
			files = (
			);
			runOnlyForDeploymentPostprocessing = 0;
		};
/* End PBXResourcesBuildPhase section */

/* Begin PBXSourcesBuildPhase section */
		52BB29211C8232820025645A /* Sources */ = {
			isa = PBXSourcesBuildPhase;
			buildActionMask = 2147483647;
			files = (
				52FD733C1C8D6500007646D1 /* SoundPlayer.swift in Sources */,
				52FD73301C8D6500007646D1 /* DesignableImageView.swift in Sources */,
				52FD732B1C8D6500007646D1 /* AsyncButton.swift in Sources */,
				52FD732E1C8D6500007646D1 /* BlurView.swift in Sources */,
				52C1A5AB1C862E8400EE21FF /* AccessViewController.swift in Sources */,
				52FD72981C8D3E47007646D1 /* AzFake.m in Sources */,
				52FD73431C8D6500007646D1 /* SpringTextView.swift in Sources */,
				52FD73391C8D6500007646D1 /* LoadingView.swift in Sources */,
				52FD73471C8D6500007646D1 /* UnwindSegue.swift in Sources */,
				52E4C9701C897967006FD2E8 /* NewsLectorTableViewCell.swift in Sources */,
				52FD732D1C8D6500007646D1 /* AutoTextView.swift in Sources */,
				52FD733B1C8D6500007646D1 /* Misc.swift in Sources */,
				52BB292B1C8232820025645A /* NewsViewController.swift in Sources */,
				52FD733E1C8D6500007646D1 /* SpringAnimation.swift in Sources */,
				52FD73421C8D6500007646D1 /* SpringTextField.swift in Sources */,
				52FD73331C8D6500007646D1 /* DesignableTextField.swift in Sources */,
				52E4C9741C898F3A006FD2E8 /* NewsAuthorTableViewCell.swift in Sources */,
				52FD73451C8D6500007646D1 /* TransitionManager.swift in Sources */,
				52FD732F1C8D6500007646D1 /* DesignableButton.swift in Sources */,
				52FD73411C8D6500007646D1 /* SpringLabel.swift in Sources */,
				52FD73351C8D6500007646D1 /* DesignableView.swift in Sources */,
				522696091C83AD5A00EF47A8 /* RatingControl.swift in Sources */,
				52FD73401C8D6500007646D1 /* SpringImageView.swift in Sources */,
				52E4C9721C8980D7006FD2E8 /* NewsAuthorTableViewController.swift in Sources */,
				52FD733D1C8D6500007646D1 /* Spring.swift in Sources */,
				52FD73441C8D6500007646D1 /* SpringView.swift in Sources */,
				52C1A5A01C85093A00EE21FF /* News.swift in Sources */,
				52FD73311C8D6500007646D1 /* DesignableLabel.swift in Sources */,
				52FD73461C8D6500007646D1 /* TransitionZoom.swift in Sources */,
				52FD73361C8D6500007646D1 /* ImageLoader.swift in Sources */,
				52BB29291C8232820025645A /* AppDelegate.swift in Sources */,
				52432E271C8AE63B003CAB06 /* NewsLectorTableViewController.swift in Sources */,
				52FD73341C8D6500007646D1 /* DesignableTextView.swift in Sources */,
				52FD73381C8D6500007646D1 /* KeyboardLayoutConstraint.swift in Sources */,
				52FD733F1C8D6500007646D1 /* SpringButton.swift in Sources */,
				52FD73321C8D6500007646D1 /* DesignableTabBarController.swift in Sources */,
				52FD732C1C8D6500007646D1 /* AsyncImageView.swift in Sources */,
			);
			runOnlyForDeploymentPostprocessing = 0;
		};
		52BB29351C8232820025645A /* Sources */ = {
			isa = PBXSourcesBuildPhase;
			buildActionMask = 2147483647;
			files = (
				52C1A5A11C85093A00EE21FF /* News.swift in Sources */,
				52BB293E1C8232820025645A /* ScoopsReaderTests.swift in Sources */,
			);
			runOnlyForDeploymentPostprocessing = 0;
		};
/* End PBXSourcesBuildPhase section */

/* Begin PBXTargetDependency section */
		52BB293B1C8232820025645A /* PBXTargetDependency */ = {
			isa = PBXTargetDependency;
			target = 52BB29241C8232820025645A /* ScoopsReader */;
			targetProxy = 52BB293A1C8232820025645A /* PBXContainerItemProxy */;
		};
/* End PBXTargetDependency section */

/* Begin PBXVariantGroup section */
		52BB292C1C8232820025645A /* Main.storyboard */ = {
			isa = PBXVariantGroup;
			children = (
				52BB292D1C8232820025645A /* Base */,
			);
			name = Main.storyboard;
			sourceTree = "<group>";
		};
		52BB29311C8232820025645A /* LaunchScreen.storyboard */ = {
			isa = PBXVariantGroup;
			children = (
				52BB29321C8232820025645A /* Base */,
			);
			name = LaunchScreen.storyboard;
			sourceTree = "<group>";
		};
/* End PBXVariantGroup section */

/* Begin XCBuildConfiguration section */
		52BB29401C8232820025645A /* Debug */ = {
			isa = XCBuildConfiguration;
			buildSettings = {
				ALWAYS_SEARCH_USER_PATHS = NO;
				CLANG_CXX_LANGUAGE_STANDARD = "gnu++0x";
				CLANG_CXX_LIBRARY = "libc++";
				CLANG_ENABLE_MODULES = YES;
				CLANG_ENABLE_OBJC_ARC = YES;
				CLANG_WARN_BOOL_CONVERSION = YES;
				CLANG_WARN_CONSTANT_CONVERSION = YES;
				CLANG_WARN_DIRECT_OBJC_ISA_USAGE = YES_ERROR;
				CLANG_WARN_EMPTY_BODY = YES;
				CLANG_WARN_ENUM_CONVERSION = YES;
				CLANG_WARN_INT_CONVERSION = YES;
				CLANG_WARN_OBJC_ROOT_CLASS = YES_ERROR;
				CLANG_WARN_UNREACHABLE_CODE = YES;
				CLANG_WARN__DUPLICATE_METHOD_MATCH = YES;
				"CODE_SIGN_IDENTITY[sdk=iphoneos*]" = "iPhone Developer";
				COPY_PHASE_STRIP = NO;
				DEBUG_INFORMATION_FORMAT = dwarf;
				ENABLE_STRICT_OBJC_MSGSEND = YES;
				ENABLE_TESTABILITY = YES;
				GCC_C_LANGUAGE_STANDARD = gnu99;
				GCC_DYNAMIC_NO_PIC = NO;
				GCC_NO_COMMON_BLOCKS = YES;
				GCC_OPTIMIZATION_LEVEL = 0;
				GCC_PREPROCESSOR_DEFINITIONS = (
					"DEBUG=1",
					"$(inherited)",
				);
				GCC_WARN_64_TO_32_BIT_CONVERSION = YES;
				GCC_WARN_ABOUT_RETURN_TYPE = YES_ERROR;
				GCC_WARN_UNDECLARED_SELECTOR = YES;
				GCC_WARN_UNINITIALIZED_AUTOS = YES_AGGRESSIVE;
				GCC_WARN_UNUSED_FUNCTION = YES;
				GCC_WARN_UNUSED_VARIABLE = YES;
				IPHONEOS_DEPLOYMENT_TARGET = 9.2;
				MTL_ENABLE_DEBUG_INFO = YES;
				ONLY_ACTIVE_ARCH = YES;
				SDKROOT = iphoneos;
				SWIFT_OPTIMIZATION_LEVEL = "-Onone";
				TARGETED_DEVICE_FAMILY = "1,2";
			};
			name = Debug;
		};
		52BB29411C8232820025645A /* Release */ = {
			isa = XCBuildConfiguration;
			buildSettings = {
				ALWAYS_SEARCH_USER_PATHS = NO;
				CLANG_CXX_LANGUAGE_STANDARD = "gnu++0x";
				CLANG_CXX_LIBRARY = "libc++";
				CLANG_ENABLE_MODULES = YES;
				CLANG_ENABLE_OBJC_ARC = YES;
				CLANG_WARN_BOOL_CONVERSION = YES;
				CLANG_WARN_CONSTANT_CONVERSION = YES;
				CLANG_WARN_DIRECT_OBJC_ISA_USAGE = YES_ERROR;
				CLANG_WARN_EMPTY_BODY = YES;
				CLANG_WARN_ENUM_CONVERSION = YES;
				CLANG_WARN_INT_CONVERSION = YES;
				CLANG_WARN_OBJC_ROOT_CLASS = YES_ERROR;
				CLANG_WARN_UNREACHABLE_CODE = YES;
				CLANG_WARN__DUPLICATE_METHOD_MATCH = YES;
				"CODE_SIGN_IDENTITY[sdk=iphoneos*]" = "iPhone Developer";
				COPY_PHASE_STRIP = NO;
				DEBUG_INFORMATION_FORMAT = "dwarf-with-dsym";
				ENABLE_NS_ASSERTIONS = NO;
				ENABLE_STRICT_OBJC_MSGSEND = YES;
				GCC_C_LANGUAGE_STANDARD = gnu99;
				GCC_NO_COMMON_BLOCKS = YES;
				GCC_WARN_64_TO_32_BIT_CONVERSION = YES;
				GCC_WARN_ABOUT_RETURN_TYPE = YES_ERROR;
				GCC_WARN_UNDECLARED_SELECTOR = YES;
				GCC_WARN_UNINITIALIZED_AUTOS = YES_AGGRESSIVE;
				GCC_WARN_UNUSED_FUNCTION = YES;
				GCC_WARN_UNUSED_VARIABLE = YES;
				IPHONEOS_DEPLOYMENT_TARGET = 9.2;
				MTL_ENABLE_DEBUG_INFO = NO;
				SDKROOT = iphoneos;
				TARGETED_DEVICE_FAMILY = "1,2";
				VALIDATE_PRODUCT = YES;
			};
			name = Release;
		};
		52BB29431C8232820025645A /* Debug */ = {
			isa = XCBuildConfiguration;
			buildSettings = {
				ASSETCATALOG_COMPILER_APPICON_NAME = AppIcon;
				CLANG_ENABLE_MODULES = YES;
				FRAMEWORK_SEARCH_PATHS = (
					"$(inherited)",
					"$(PROJECT_DIR)",
				);
				INFOPLIST_FILE = ScoopsReader/Info.plist;
				IPHONEOS_DEPLOYMENT_TARGET = 9.2;
				LD_RUNPATH_SEARCH_PATHS = "$(inherited) @executable_path/Frameworks";
				PRODUCT_BUNDLE_IDENTIFIER = com.weblogmerlos.ScoopsReader;
				PRODUCT_NAME = "$(TARGET_NAME)";
				SWIFT_OBJC_BRIDGING_HEADER = "ScoopsReader/ScoopsReader-Bridging-Header.h";
				SWIFT_OPTIMIZATION_LEVEL = "-Onone";
				TARGETED_DEVICE_FAMILY = 1;
			};
			name = Debug;
		};
		52BB29441C8232820025645A /* Release */ = {
			isa = XCBuildConfiguration;
			buildSettings = {
				ASSETCATALOG_COMPILER_APPICON_NAME = AppIcon;
				CLANG_ENABLE_MODULES = YES;
				FRAMEWORK_SEARCH_PATHS = (
					"$(inherited)",
					"$(PROJECT_DIR)",
				);
				INFOPLIST_FILE = ScoopsReader/Info.plist;
				IPHONEOS_DEPLOYMENT_TARGET = 9.2;
				LD_RUNPATH_SEARCH_PATHS = "$(inherited) @executable_path/Frameworks";
				PRODUCT_BUNDLE_IDENTIFIER = com.weblogmerlos.ScoopsReader;
				PRODUCT_NAME = "$(TARGET_NAME)";
				SWIFT_OBJC_BRIDGING_HEADER = "ScoopsReader/ScoopsReader-Bridging-Header.h";
				TARGETED_DEVICE_FAMILY = 1;
			};
			name = Release;
		};
		52BB29461C8232820025645A /* Debug */ = {
			isa = XCBuildConfiguration;
			buildSettings = {
				BUNDLE_LOADER = "$(TEST_HOST)";
				INFOPLIST_FILE = ScoopsReaderTests/Info.plist;
				LD_RUNPATH_SEARCH_PATHS = "$(inherited) @executable_path/Frameworks @loader_path/Frameworks";
				PRODUCT_BUNDLE_IDENTIFIER = com.weblogmerlos.ScoopsReaderTests;
				PRODUCT_NAME = "$(TARGET_NAME)";
				TEST_HOST = "$(BUILT_PRODUCTS_DIR)/ScoopsReader.app/ScoopsReader";
			};
			name = Debug;
		};
		52BB29471C8232820025645A /* Release */ = {
			isa = XCBuildConfiguration;
			buildSettings = {
				BUNDLE_LOADER = "$(TEST_HOST)";
				INFOPLIST_FILE = ScoopsReaderTests/Info.plist;
				LD_RUNPATH_SEARCH_PATHS = "$(inherited) @executable_path/Frameworks @loader_path/Frameworks";
				PRODUCT_BUNDLE_IDENTIFIER = com.weblogmerlos.ScoopsReaderTests;
				PRODUCT_NAME = "$(TARGET_NAME)";
				TEST_HOST = "$(BUILT_PRODUCTS_DIR)/ScoopsReader.app/ScoopsReader";
			};
			name = Release;
		};
/* End XCBuildConfiguration section */

/* Begin XCConfigurationList section */
		52BB29201C8232820025645A /* Build configuration list for PBXProject "ScoopsReader" */ = {
			isa = XCConfigurationList;
			buildConfigurations = (
				52BB29401C8232820025645A /* Debug */,
				52BB29411C8232820025645A /* Release */,
			);
			defaultConfigurationIsVisible = 0;
			defaultConfigurationName = Release;
		};
		52BB29421C8232820025645A /* Build configuration list for PBXNativeTarget "ScoopsReader" */ = {
			isa = XCConfigurationList;
			buildConfigurations = (
				52BB29431C8232820025645A /* Debug */,
				52BB29441C8232820025645A /* Release */,
			);
			defaultConfigurationIsVisible = 0;
			defaultConfigurationName = Release;
		};
		52BB29451C8232820025645A /* Build configuration list for PBXNativeTarget "ScoopsReaderTests" */ = {
			isa = XCConfigurationList;
			buildConfigurations = (
				52BB29461C8232820025645A /* Debug */,
				52BB29471C8232820025645A /* Release */,
			);
			defaultConfigurationIsVisible = 0;
			defaultConfigurationName = Release;
		};
/* End XCConfigurationList section */
	};
	rootObject = 52BB291D1C8232820025645A /* Project object */;
}
